
Microsoft Visual Studio Solution File, Format Version 12.00
# Visual Studio Version 16
VisualStudioVersion = 16.0.31424.327
MinimumVisualStudioVersion = 10.0.40219.1
Project("{FAE04EC0-301F-11D3-BF4B-00C04F79EFBC}") = "2001190186_KT3", "2001190186_KT3\2001190186_KT3.csproj", "{DAE3AD2F-1A32-4727-916E-923B5165EC79}"
EndProject
Global
	GlobalSection(SolutionConfigurationPlatforms) = preSolution
		Debug|Any CPU = Debug|Any CPU
		Release|Any CPU = Release|Any CPU
	EndGlobalSection
	GlobalSection(ProjectConfigurationPlatforms) = postSolution
		{DAE3AD2F-1A32-4727-916E-923B5165EC79}.Debug|Any CPU.ActiveCfg = Debug|Any CPU
		{DAE3AD2F-1A32-4727-916E-923B5165EC79}.Debug|Any CPU.Build.0 = Debug|Any CPU
		{DAE3AD2F-1A32-4727-916E-923B5165EC79}.Release|Any CPU.ActiveCfg = Release|Any CPU
		{DAE3AD2F-1A32-4727-916E-923B5165EC79}.Release|Any CPU.Build.0 = Release|Any CPU
	EndGlobalSection
	GlobalSection(SolutionProperties) = preSolution
		HideSolutionNode = FALSE
	EndGlobalSection
	GlobalSection(ExtensibilityGlobals) = postSolution
		SolutionGuid = {3E5472D1-02B8-4F1F-AC06-78366273AEDB}
	EndGlobalSection
EndGlobal
